
Microsoft Visual Studio Solution File, Format Version 12.00
# Visual Studio Version 16
VisualStudioVersion = 16.0.29326.143
MinimumVisualStudioVersion = 10.0.40219.1
Project("{FAE04EC0-301F-11D3-BF4B-00C04F79EFBC}") = "tp1aed_julia", "tp1aed_julia\tp1aed_julia.csproj", "{6C7297E0-782F-4DB9-8CB5-2FD1CF92D830}"
EndProject
Global
	GlobalSection(SolutionConfigurationPlatforms) = preSolution
		Debug|Any CPU = Debug|Any CPU
		Release|Any CPU = Release|Any CPU
	EndGlobalSection
	GlobalSection(ProjectConfigurationPlatforms) = postSolution
		{6C7297E0-782F-4DB9-8CB5-2FD1CF92D830}.Debug|Any CPU.ActiveCfg = Debug|Any CPU
		{6C7297E0-782F-4DB9-8CB5-2FD1CF92D830}.Debug|Any CPU.Build.0 = Debug|Any CPU
		{6C7297E0-782F-4DB9-8CB5-2FD1CF92D830}.Release|Any CPU.ActiveCfg = Release|Any CPU
		{6C7297E0-782F-4DB9-8CB5-2FD1CF92D830}.Release|Any CPU.Build.0 = Release|Any CPU
	EndGlobalSection
	GlobalSection(SolutionProperties) = preSolution
		HideSolutionNode = FALSE
	EndGlobalSection
	GlobalSection(ExtensibilityGlobals) = postSolution
		SolutionGuid = {20F0F50A-D6A4-4848-92F9-7A0F7A90EAC3}
	EndGlobalSection
EndGlobal
